
Microsoft Visual Studio Solution File, Format Version 12.00
# Visual Studio 15
VisualStudioVersion = 15.0.26730.12
MinimumVisualStudioVersion = 10.0.40219.1
Project("{FAE04EC0-301F-11D3-BF4B-00C04F79EFBC}") = "SampleTestableClasses", "SampleTestableClasses\SampleTestableClasses.csproj", "{0E95FF55-94C4-40F6-B402-3E71858D4864}"
EndProject
Project("{F2A71F9B-5D33-465A-A702-920D77279786}") = "FSUnitTests", "FSUnitTests\FSUnitTests.fsproj", "{0C60452A-73A7-4493-B046-38024A515C9A}"
EndProject
Global
	GlobalSection(SolutionConfigurationPlatforms) = preSolution
		Debug|Any CPU = Debug|Any CPU
		Release|Any CPU = Release|Any CPU
	EndGlobalSection
	GlobalSection(ProjectConfigurationPlatforms) = postSolution
		{0E95FF55-94C4-40F6-B402-3E71858D4864}.Debug|Any CPU.ActiveCfg = Debug|Any CPU
		{0E95FF55-94C4-40F6-B402-3E71858D4864}.Debug|Any CPU.Build.0 = Debug|Any CPU
		{0E95FF55-94C4-40F6-B402-3E71858D4864}.Release|Any CPU.ActiveCfg = Release|Any CPU
		{0E95FF55-94C4-40F6-B402-3E71858D4864}.Release|Any CPU.Build.0 = Release|Any CPU
		{0C60452A-73A7-4493-B046-38024A515C9A}.Debug|Any CPU.ActiveCfg = Debug|Any CPU
		{0C60452A-73A7-4493-B046-38024A515C9A}.Debug|Any CPU.Build.0 = Debug|Any CPU
		{0C60452A-73A7-4493-B046-38024A515C9A}.Release|Any CPU.ActiveCfg = Release|Any CPU
		{0C60452A-73A7-4493-B046-38024A515C9A}.Release|Any CPU.Build.0 = Release|Any CPU
	EndGlobalSection
	GlobalSection(SolutionProperties) = preSolution
		HideSolutionNode = FALSE
	EndGlobalSection
	GlobalSection(ExtensibilityGlobals) = postSolution
		SolutionGuid = {18BB4868-73C6-422C-9B9D-22B4DB2B19FF}
	EndGlobalSection
EndGlobal
